
Microsoft Visual Studio Solution File, Format Version 12.00
# Visual Studio Version 17
VisualStudioVersion = 17.11.35431.28
MinimumVisualStudioVersion = 10.0.40219.1
Project("{9A19103F-16F7-4668-BE54-9A1E7A4F7556}") = "FoodWebsite", "FoodWebsite\FoodWebsite.csproj", "{62B9DCEC-227B-4E62-80D4-9F1613E47B63}"
EndProject
Project("{FAE04EC0-301F-11D3-BF4B-00C04F79EFBC}") = "FoodWebsite.AppHost", "FoodWebsite.AppHost\FoodWebsite.AppHost.csproj", "{CF1A24B9-5AEA-4FA5-9AF2-72C6B776593E}"
EndProject
Project("{9A19103F-16F7-4668-BE54-9A1E7A4F7556}") = "FoodWebsite.ServiceDefaults", "FoodWebsite.ServiceDefaults\FoodWebsite.ServiceDefaults.csproj", "{788232B9-3F8A-4BBD-BDDE-5155DE1112AA}"
EndProject
Global
	GlobalSection(SolutionConfigurationPlatforms) = preSolution
		Debug|Any CPU = Debug|Any CPU
		Release|Any CPU = Release|Any CPU
	EndGlobalSection
	GlobalSection(ProjectConfigurationPlatforms) = postSolution
		{62B9DCEC-227B-4E62-80D4-9F1613E47B63}.Debug|Any CPU.ActiveCfg = Debug|Any CPU
		{62B9DCEC-227B-4E62-80D4-9F1613E47B63}.Debug|Any CPU.Build.0 = Debug|Any CPU
		{62B9DCEC-227B-4E62-80D4-9F1613E47B63}.Release|Any CPU.ActiveCfg = Release|Any CPU
		{62B9DCEC-227B-4E62-80D4-9F1613E47B63}.Release|Any CPU.Build.0 = Release|Any CPU
		{CF1A24B9-5AEA-4FA5-9AF2-72C6B776593E}.Debug|Any CPU.ActiveCfg = Debug|Any CPU
		{CF1A24B9-5AEA-4FA5-9AF2-72C6B776593E}.Debug|Any CPU.Build.0 = Debug|Any CPU
		{CF1A24B9-5AEA-4FA5-9AF2-72C6B776593E}.Release|Any CPU.ActiveCfg = Release|Any CPU
		{CF1A24B9-5AEA-4FA5-9AF2-72C6B776593E}.Release|Any CPU.Build.0 = Release|Any CPU
		{788232B9-3F8A-4BBD-BDDE-5155DE1112AA}.Debug|Any CPU.ActiveCfg = Debug|Any CPU
		{788232B9-3F8A-4BBD-BDDE-5155DE1112AA}.Debug|Any CPU.Build.0 = Debug|Any CPU
		{788232B9-3F8A-4BBD-BDDE-5155DE1112AA}.Release|Any CPU.ActiveCfg = Release|Any CPU
		{788232B9-3F8A-4BBD-BDDE-5155DE1112AA}.Release|Any CPU.Build.0 = Release|Any CPU
	EndGlobalSection
	GlobalSection(SolutionProperties) = preSolution
		HideSolutionNode = FALSE
	EndGlobalSection
	GlobalSection(ExtensibilityGlobals) = postSolution
		SolutionGuid = {EE1F2007-48C5-4B54-9B9F-FCC47BD1D05D}
	EndGlobalSection
EndGlobal
